
Microsoft Visual Studio Solution File, Format Version 12.00
# Visual Studio 15
VisualStudioVersion = 15.0.27428.2043
MinimumVisualStudioVersion = 10.0.40219.1
Project("{E24C65DC-7377-472B-9ABA-BC803B73C61A}") = "Audit-Central-Market-Site", ".", "{E8B16BFB-D685-4354-BDCE-A4EADDB52378}"
	ProjectSection(WebsiteProperties) = preProject
		TargetFrameworkMoniker = ".NETFramework,Version%3Dv4.0"
		Debug.AspNetCompiler.VirtualPath = "/localhost_56618"
		Debug.AspNetCompiler.PhysicalPath = "..\Audit-Central-Market-Site\"
		Debug.AspNetCompiler.TargetPath = "PrecompiledWeb\localhost_56618\"
		Debug.AspNetCompiler.Updateable = "true"
		Debug.AspNetCompiler.ForceOverwrite = "true"
		Debug.AspNetCompiler.FixedNames = "false"
		Debug.AspNetCompiler.Debug = "True"
		Release.AspNetCompiler.VirtualPath = "/localhost_56618"
		Release.AspNetCompiler.PhysicalPath = "..\Audit-Central-Market-Site\"
		Release.AspNetCompiler.TargetPath = "PrecompiledWeb\localhost_56618\"
		Release.AspNetCompiler.Updateable = "true"
		Release.AspNetCompiler.ForceOverwrite = "true"
		Release.AspNetCompiler.FixedNames = "false"
		Release.AspNetCompiler.Debug = "False"
		VWDPort = "56618"
		SlnRelativePath = "..\Audit-Central-Market-Site\"
	EndProjectSection
EndProject
Global
	GlobalSection(SolutionConfigurationPlatforms) = preSolution
		Debug|Any CPU = Debug|Any CPU
	EndGlobalSection
	GlobalSection(ProjectConfigurationPlatforms) = postSolution
		{E8B16BFB-D685-4354-BDCE-A4EADDB52378}.Debug|Any CPU.ActiveCfg = Debug|Any CPU
		{E8B16BFB-D685-4354-BDCE-A4EADDB52378}.Debug|Any CPU.Build.0 = Debug|Any CPU
	EndGlobalSection
	GlobalSection(SolutionProperties) = preSolution
		HideSolutionNode = FALSE
	EndGlobalSection
	GlobalSection(ExtensibilityGlobals) = postSolution
		SolutionGuid = {266BFE79-E63A-445B-9A5F-00124BFB6185}
	EndGlobalSection
EndGlobal
